// !$*UTF8*$!
{
	archiveVersion = 1;
	classes = {
	};
	objectVersion = 46;
	objects = {

/* Begin PBXBuildFile section */
		FC58F2651D263CC20093CFD3 /* AppDelegate.swift in Sources */ = {isa = PBXBuildFile; fileRef = FC58F2641D263CC20093CFD3 /* AppDelegate.swift */; };
		FC58F2671D263CC20093CFD3 /* ViewController.swift in Sources */ = {isa = PBXBuildFile; fileRef = FC58F2661D263CC20093CFD3 /* ViewController.swift */; };
		FC58F26A1D263CC20093CFD3 /* Main.storyboard in Resources */ = {isa = PBXBuildFile; fileRef = FC58F2681D263CC20093CFD3 /* Main.storyboard */; };
		FC58F26C1D263CC20093CFD3 /* Assets.xcassets in Resources */ = {isa = PBXBuildFile; fileRef = FC58F26B1D263CC20093CFD3 /* Assets.xcassets */; };
		FC58F26F1D263CC20093CFD3 /* LaunchScreen.storyboard in Resources */ = {isa = PBXBuildFile; fileRef = FC58F26D1D263CC20093CFD3 /* LaunchScreen.storyboard */; };
/* End PBXBuildFile section */

/* Begin PBXFileReference section */
		FC58F2611D263CC20093CFD3 /* googlemap.app */ = {isa = PBXFileReference; explicitFileType = wrapper.application; includeInIndex = 0; path = googlemap.app; sourceTree = BUILT_PRODUCTS_DIR; };
		FC58F2641D263CC20093CFD3 /* AppDelegate.swift */ = {isa = PBXFileReference; lastKnownFileType = sourcecode.swift; path = AppDelegate.swift; sourceTree = "<group>"; };
		FC58F2661D263CC20093CFD3 /* ViewController.swift */ = {isa = PBXFileReference; lastKnownFileType = sourcecode.swift; path = ViewController.swift; sourceTree = "<group>"; };
		FC58F2691D263CC20093CFD3 /* Base */ = {isa = PBXFileReference; lastKnownFileType = file.storyboard; name = Base; path = Base.lproj/Main.storyboard; sourceTree = "<group>"; };
		FC58F26B1D263CC20093CFD3 /* Assets.xcassets */ = {isa = PBXFileReference; lastKnownFileType = folder.assetcatalog; path = Assets.xcassets; sourceTree = "<group>"; };
		FC58F26E1D263CC20093CFD3 /* Base */ = {isa = PBXFileReference; lastKnownFileType = file.storyboard; name = Base; path = Base.lproj/LaunchScreen.storyboard; sourceTree = "<group>"; };
		FC58F2701D263CC20093CFD3 /* Info.plist */ = {isa = PBXFileReference; lastKnownFileType = text.plist.xml; path = Info.plist; sourceTree = "<group>"; };
/* End PBXFileReference section */

/* Begin PBXFrameworksBuildPhase section */
		FC58F25E1D263CC20093CFD3 /* Frameworks */ = {
			isa = PBXFrameworksBuildPhase;
			buildActionMask = 2147483647;
			files = (
			);
			runOnlyForDeploymentPostprocessing = 0;
		};
/* End PBXFrameworksBuildPhase section */

/* Begin PBXGroup section */
		FC58F2581D263CC20093CFD3 = {
			isa = PBXGroup;
			children = (
				FC58F2631D263CC20093CFD3 /* googlemap */,
				FC58F2621D263CC20093CFD3 /* Products */,
			);
			sourceTree = "<group>";
		};
		FC58F2621D263CC20093CFD3 /* Products */ = {
			isa = PBXGroup;
			children = (
				FC58F2611D263CC20093CFD3 /* googlemap.app */,
			);
			name = Products;
			sourceTree = "<group>";
		};
		FC58F2631D263CC20093CFD3 /* googlemap */ = {
			isa = PBXGroup;
			children = (
				FC58F2641D263CC20093CFD3 /* AppDelegate.swift */,
				FC58F2661D263CC20093CFD3 /* ViewController.swift */,
				FC58F2681D263CC20093CFD3 /* Main.storyboard */,
				FC58F26B1D263CC20093CFD3 /* Assets.xcassets */,
				FC58F26D1D263CC20093CFD3 /* LaunchScreen.storyboard */,
				FC58F2701D263CC20093CFD3 /* Info.plist */,
			);
			path = googlemap;
			sourceTree = "<group>";
		};
/* End PBXGroup section */

/* Begin PBXNativeTarget section */
		FC58F2601D263CC20093CFD3 /* googlemap */ = {
			isa = PBXNativeTarget;
			buildConfigurationList = FC58F2731D263CC20093CFD3 /* Build configuration list for PBXNativeTarget "googlemap" */;
			buildPhases = (
				FC58F25D1D263CC20093CFD3 /* Sources */,
				FC58F25E1D263CC20093CFD3 /* Frameworks */,
				FC58F25F1D263CC20093CFD3 /* Resources */,
			);
			buildRules = (
			);
			dependencies = (
			);
			name = googlemap;
			productName = googlemap;
			productReference = FC58F2611D263CC20093CFD3 /* googlemap.app */;
			productType = "com.apple.product-type.application";
		};
/* End PBXNativeTarget section */

/* Begin PBXProject section */
		FC58F2591D263CC20093CFD3 /* Project object */ = {
			isa = PBXProject;
			attributes = {
				LastSwiftUpdateCheck = 0730;
				LastUpgradeCheck = 0730;
				ORGANIZATIONNAME = MasaakiYoda;
				TargetAttributes = {
					FC58F2601D263CC20093CFD3 = {
						CreatedOnToolsVersion = 7.3.1;
						DevelopmentTeam = SKGH3PPX4X;
					};
				};
			};
			buildConfigurationList = FC58F25C1D263CC20093CFD3 /* Build configuration list for PBXProject "googlemap" */;
			compatibilityVersion = "Xcode 3.2";
			developmentRegion = English;
			hasScannedForEncodings = 0;
			knownRegions = (
				en,
				Base,
			);
			mainGroup = FC58F2581D263CC20093CFD3;
			productRefGroup = FC58F2621D263CC20093CFD3 /* Products */;
			projectDirPath = "";
			projectRoot = "";
			targets = (
				FC58F2601D263CC20093CFD3 /* googlemap */,
			);
		};
/* End PBXProject section */

/* Begin PBXResourcesBuildPhase section */
		FC58F25F1D263CC20093CFD3 /* Resources */ = {
			isa = PBXResourcesBuildPhase;
			buildActionMask = 2147483647;
			files = (
				FC58F26F1D263CC20093CFD3 /* LaunchScreen.storyboard in Resources */,
				FC58F26C1D263CC20093CFD3 /* Assets.xcassets in Resources */,
				FC58F26A1D263CC20093CFD3 /* Main.storyboard in Resources */,
			);
			runOnlyForDeploymentPostprocessing = 0;
		};
/* End PBXResourcesBuildPhase section */

/* Begin PBXSourcesBuildPhase section */
		FC58F25D1D263CC20093CFD3 /* Sources */ = {
			isa = PBXSourcesBuildPhase;
			buildActionMask = 2147483647;
			files = (
				FC58F2671D263CC20093CFD3 /* ViewController.swift in Sources */,
				FC58F2651D263CC20093CFD3 /* AppDelegate.swift in Sources */,
			);
			runOnlyForDeploymentPostprocessing = 0;
		};
/* End PBXSourcesBuildPhase section */

/* Begin PBXVariantGroup section */
		FC58F2681D263CC20093CFD3 /* Main.storyboard */ = {
			isa = PBXVariantGroup;
			children = (
				FC58F2691D263CC20093CFD3 /* Base */,
			);
			name = Main.storyboard;
			sourceTree = "<group>";
		};
		FC58F26D1D263CC20093CFD3 /* LaunchScreen.storyboard */ = {
			isa = PBXVariantGroup;
			children = (
				FC58F26E1D263CC20093CFD3 /* Base */,
			);
			name = LaunchScreen.storyboard;
			sourceTree = "<group>";
		};
/* End PBXVariantGroup section */

/* Begin XCBuildConfiguration section */
		FC58F2711D263CC20093CFD3 /* Debug */ = {
			isa = XCBuildConfiguration;
			buildSettings = {
				ALWAYS_SEARCH_USER_PATHS = NO;
				CLANG_ANALYZER_NONNULL = YES;
				CLANG_CXX_LANGUAGE_STANDARD = "gnu++0x";
				CLANG_CXX_LIBRARY = "libc++";
				CLANG_ENABLE_MODULES = YES;
				CLANG_ENABLE_OBJC_ARC = YES;
				CLANG_WARN_BOOL_CONVERSION = YES;
				CLANG_WARN_CONSTANT_CONVERSION = YES;
				CLANG_WARN_DIRECT_OBJC_ISA_USAGE = YES_ERROR;
				CLANG_WARN_EMPTY_BODY = YES;
				CLANG_WARN_ENUM_CONVERSION = YES;
				CLANG_WARN_INT_CONVERSION = YES;
				CLANG_WARN_OBJC_ROOT_CLASS = YES_ERROR;
				CLANG_WARN_UNREACHABLE_CODE = YES;
				CLANG_WARN__DUPLICATE_METHOD_MATCH = YES;
				"CODE_SIGN_IDENTITY[sdk=iphoneos*]" = "iPhone Developer";
				COPY_PHASE_STRIP = NO;
				DEBUG_INFORMATION_FORMAT = dwarf;
				ENABLE_STRICT_OBJC_MSGSEND = YES;
				ENABLE_TESTABILITY = YES;
				GCC_C_LANGUAGE_STANDARD = gnu99;
				GCC_DYNAMIC_NO_PIC = NO;
				GCC_NO_COMMON_BLOCKS = YES;
				GCC_OPTIMIZATION_LEVEL = 0;
				GCC_PREPROCESSOR_DEFINITIONS = (
					"DEBUG=1",
					"$(inherited)",
				);
				GCC_WARN_64_TO_32_BIT_CONVERSION = YES;
				GCC_WARN_ABOUT_RETURN_TYPE = YES_ERROR;
				GCC_WARN_UNDECLARED_SELECTOR = YES;
				GCC_WARN_UNINITIALIZED_AUTOS = YES_AGGRESSIVE;
				GCC_WARN_UNUSED_FUNCTION = YES;
				GCC_WARN_UNUSED_VARIABLE = YES;
				IPHONEOS_DEPLOYMENT_TARGET = 9.3;
				MTL_ENABLE_DEBUG_INFO = YES;
				ONLY_ACTIVE_ARCH = YES;
				SDKROOT = iphoneos;
				SWIFT_OPTIMIZATION_LEVEL = "-Onone";
				TARGETED_DEVICE_FAMILY = "1,2";
			};
			name = Debug;
		};
		FC58F2721D263CC20093CFD3 /* Release */ = {
			isa = XCBuildConfiguration;
			buildSettings = {
				ALWAYS_SEARCH_USER_PATHS = NO;
				CLANG_ANALYZER_NONNULL = YES;
				CLANG_CXX_LANGUAGE_STANDARD = "gnu++0x";
				CLANG_CXX_LIBRARY = "libc++";
				CLANG_ENABLE_MODULES = YES;
				CLANG_ENABLE_OBJC_ARC = YES;
				CLANG_WARN_BOOL_CONVERSION = YES;
				CLANG_WARN_CONSTANT_CONVERSION = YES;
				CLANG_WARN_DIRECT_OBJC_ISA_USAGE = YES_ERROR;
				CLANG_WARN_EMPTY_BODY = YES;
				CLANG_WARN_ENUM_CONVERSION = YES;
				CLANG_WARN_INT_CONVERSION = YES;
				CLANG_WARN_OBJC_ROOT_CLASS = YES_ERROR;
				CLANG_WARN_UNREACHABLE_CODE = YES;
				CLANG_WARN__DUPLICATE_METHOD_MATCH = YES;
				"CODE_SIGN_IDENTITY[sdk=iphoneos*]" = "iPhone Developer";
				COPY_PHASE_STRIP = NO;
				DEBUG_INFORMATION_FORMAT = "dwarf-with-dsym";
				ENABLE_NS_ASSERTIONS = NO;
				ENABLE_STRICT_OBJC_MSGSEND = YES;
				GCC_C_LANGUAGE_STANDARD = gnu99;
				GCC_NO_COMMON_BLOCKS = YES;
				GCC_WARN_64_TO_32_BIT_CONVERSION = YES;
				GCC_WARN_ABOUT_RETURN_TYPE = YES_ERROR;
				GCC_WARN_UNDECLARED_SELECTOR = YES;
				GCC_WARN_UNINITIALIZED_AUTOS = YES_AGGRESSIVE;
				GCC_WARN_UNUSED_FUNCTION = YES;
				GCC_WARN_UNUSED_VARIABLE = YES;
				IPHONEOS_DEPLOYMENT_TARGET = 9.3;
				MTL_ENABLE_DEBUG_INFO = NO;
				SDKROOT = iphoneos;
				TARGETED_DEVICE_FAMILY = "1,2";
				VALIDATE_PRODUCT = YES;
			};
			name = Release;
		};
		FC58F2741D263CC20093CFD3 /* Debug */ = {
			isa = XCBuildConfiguration;
			buildSettings = {
				ASSETCATALOG_COMPILER_APPICON_NAME = AppIcon;
				INFOPLIST_FILE = googlemap/Info.plist;
				LD_RUNPATH_SEARCH_PATHS = "$(inherited) @executable_path/Frameworks";
				PRODUCT_BUNDLE_IDENTIFIER = example.swift.googlemap;
				PRODUCT_NAME = "$(TARGET_NAME)";
			};
			name = Debug;
		};
		FC58F2751D263CC20093CFD3 /* Release */ = {
			isa = XCBuildConfiguration;
			buildSettings = {
				ASSETCATALOG_COMPILER_APPICON_NAME = AppIcon;
				INFOPLIST_FILE = googlemap/Info.plist;
				LD_RUNPATH_SEARCH_PATHS = "$(inherited) @executable_path/Frameworks";
				PRODUCT_BUNDLE_IDENTIFIER = example.swift.googlemap;
				PRODUCT_NAME = "$(TARGET_NAME)";
			};
			name = Release;
		};
/* End XCBuildConfiguration section */

/* Begin XCConfigurationList section */
		FC58F25C1D263CC20093CFD3 /* Build configuration list for PBXProject "googlemap" */ = {
			isa = XCConfigurationList;
			buildConfigurations = (
				FC58F2711D263CC20093CFD3 /* Debug */,
				FC58F2721D263CC20093CFD3 /* Release */,
			);
			defaultConfigurationIsVisible = 0;
			defaultConfigurationName = Release;
		};
		FC58F2731D263CC20093CFD3 /* Build configuration list for PBXNativeTarget "googlemap" */ = {
			isa = XCConfigurationList;
			buildConfigurations = (
				FC58F2741D263CC20093CFD3 /* Debug */,
				FC58F2751D263CC20093CFD3 /* Release */,
			);
			defaultConfigurationIsVisible = 0;
		};
/* End XCConfigurationList section */
	};
	rootObject = FC58F2591D263CC20093CFD3 /* Project object */;
}
